
Microsoft Visual Studio Solution File, Format Version 12.00
# Visual Studio Version 17
VisualStudioVersion = 17.0.31717.71
MinimumVisualStudioVersion = 10.0.40219.1
Project("{9A19103F-16F7-4668-BE54-9A1E7A4F7556}") = "Basics", "Basics\Basics.csproj", "{18697364-0A2A-4A7D-B89D-9AB1B2D59EE8}"
EndProject
Project("{FAE04EC0-301F-11D3-BF4B-00C04F79EFBC}") = "IdentityExample", "IdentityExample\IdentityExample.csproj", "{90F34061-77AA-427F-B52C-80A7BA4D8F4D}"
EndProject
Global
	GlobalSection(SolutionConfigurationPlatforms) = preSolution
		Debug|Any CPU = Debug|Any CPU
		Release|Any CPU = Release|Any CPU
	EndGlobalSection
	GlobalSection(ProjectConfigurationPlatforms) = postSolution
		{18697364-0A2A-4A7D-B89D-9AB1B2D59EE8}.Debug|Any CPU.ActiveCfg = Debug|Any CPU
		{18697364-0A2A-4A7D-B89D-9AB1B2D59EE8}.Debug|Any CPU.Build.0 = Debug|Any CPU
		{18697364-0A2A-4A7D-B89D-9AB1B2D59EE8}.Release|Any CPU.ActiveCfg = Release|Any CPU
		{18697364-0A2A-4A7D-B89D-9AB1B2D59EE8}.Release|Any CPU.Build.0 = Release|Any CPU
		{90F34061-77AA-427F-B52C-80A7BA4D8F4D}.Debug|Any CPU.ActiveCfg = Debug|Any CPU
		{90F34061-77AA-427F-B52C-80A7BA4D8F4D}.Debug|Any CPU.Build.0 = Debug|Any CPU
		{90F34061-77AA-427F-B52C-80A7BA4D8F4D}.Release|Any CPU.ActiveCfg = Release|Any CPU
		{90F34061-77AA-427F-B52C-80A7BA4D8F4D}.Release|Any CPU.Build.0 = Release|Any CPU
	EndGlobalSection
	GlobalSection(SolutionProperties) = preSolution
		HideSolutionNode = FALSE
	EndGlobalSection
	GlobalSection(ExtensibilityGlobals) = postSolution
		SolutionGuid = {4C0E7D2E-2F6C-4D21-B9D6-08B91FD9F94C}
	EndGlobalSection
EndGlobal
